
Microsoft Visual Studio Solution File, Format Version 12.00
# Visual Studio Express 2012 for Web
Project("{FAE04EC0-301F-11D3-BF4B-00C04F79EFBC}") = "ctish.api", "ctish.api\ctish.api.csproj", "{7AB21AE1-C445-4757-8902-630F64D8487C}"
EndProject
Global
	GlobalSection(SolutionConfigurationPlatforms) = preSolution
		Debug|Any CPU = Debug|Any CPU
		Release|Any CPU = Release|Any CPU
	EndGlobalSection
	GlobalSection(ProjectConfigurationPlatforms) = postSolution
		{7AB21AE1-C445-4757-8902-630F64D8487C}.Debug|Any CPU.ActiveCfg = Debug|Any CPU
		{7AB21AE1-C445-4757-8902-630F64D8487C}.Debug|Any CPU.Build.0 = Debug|Any CPU
		{7AB21AE1-C445-4757-8902-630F64D8487C}.Release|Any CPU.ActiveCfg = Release|Any CPU
		{7AB21AE1-C445-4757-8902-630F64D8487C}.Release|Any CPU.Build.0 = Release|Any CPU
	EndGlobalSection
	GlobalSection(SolutionProperties) = preSolution
		HideSolutionNode = FALSE
	EndGlobalSection
EndGlobal
